
Microsoft Visual Studio Solution File, Format Version 12.00
# Visual Studio 15
VisualStudioVersion = 15.0.26228.12
MinimumVisualStudioVersion = 10.0.40219.1
Project("{FAE04EC0-301F-11D3-BF4B-00C04F79EFBC}") = "Veolia.Classes", "Veolia\Veolia.Classes.csproj", "{7F543ECC-733B-49C8-A5FD-9F9172BFF60F}"
EndProject
Project("{FAE04EC0-301F-11D3-BF4B-00C04F79EFBC}") = "Veolia.DataModel", "Veolia.DataModel\Veolia.DataModel.csproj", "{7FF9D7DA-9534-4E40-A3E0-E659A948760C}"
EndProject
Project("{FAE04EC0-301F-11D3-BF4B-00C04F79EFBC}") = "Veolia.API", "Veolia.API\Veolia.API.csproj", "{19656DEF-94AF-4040-9AA3-E8BAF184DAB4}"
EndProject
Project("{FAE04EC0-301F-11D3-BF4B-00C04F79EFBC}") = "Veolia.Testing", "Veolia.Testing\Veolia.Testing.csproj", "{9B2FBEE6-6ECD-47AD-ACD0-4A64CACC165D}"
EndProject
Project("{FAE04EC0-301F-11D3-BF4B-00C04F79EFBC}") = "Veolia.ClientSide", "Veolia.ClientSide\Veolia.ClientSide.csproj", "{0B512197-1BAD-4B07-B157-3A3752991B47}"
EndProject
Global
	GlobalSection(SolutionConfigurationPlatforms) = preSolution
		Debug|Any CPU = Debug|Any CPU
		Release|Any CPU = Release|Any CPU
	EndGlobalSection
	GlobalSection(ProjectConfigurationPlatforms) = postSolution
		{7F543ECC-733B-49C8-A5FD-9F9172BFF60F}.Debug|Any CPU.ActiveCfg = Debug|Any CPU
		{7F543ECC-733B-49C8-A5FD-9F9172BFF60F}.Debug|Any CPU.Build.0 = Debug|Any CPU
		{7F543ECC-733B-49C8-A5FD-9F9172BFF60F}.Release|Any CPU.ActiveCfg = Release|Any CPU
		{7F543ECC-733B-49C8-A5FD-9F9172BFF60F}.Release|Any CPU.Build.0 = Release|Any CPU
		{7FF9D7DA-9534-4E40-A3E0-E659A948760C}.Debug|Any CPU.ActiveCfg = Debug|Any CPU
		{7FF9D7DA-9534-4E40-A3E0-E659A948760C}.Debug|Any CPU.Build.0 = Debug|Any CPU
		{7FF9D7DA-9534-4E40-A3E0-E659A948760C}.Release|Any CPU.ActiveCfg = Release|Any CPU
		{7FF9D7DA-9534-4E40-A3E0-E659A948760C}.Release|Any CPU.Build.0 = Release|Any CPU
		{19656DEF-94AF-4040-9AA3-E8BAF184DAB4}.Debug|Any CPU.ActiveCfg = Debug|Any CPU
		{19656DEF-94AF-4040-9AA3-E8BAF184DAB4}.Debug|Any CPU.Build.0 = Debug|Any CPU
		{19656DEF-94AF-4040-9AA3-E8BAF184DAB4}.Release|Any CPU.ActiveCfg = Release|Any CPU
		{19656DEF-94AF-4040-9AA3-E8BAF184DAB4}.Release|Any CPU.Build.0 = Release|Any CPU
		{9B2FBEE6-6ECD-47AD-ACD0-4A64CACC165D}.Debug|Any CPU.ActiveCfg = Debug|Any CPU
		{9B2FBEE6-6ECD-47AD-ACD0-4A64CACC165D}.Debug|Any CPU.Build.0 = Debug|Any CPU
		{9B2FBEE6-6ECD-47AD-ACD0-4A64CACC165D}.Release|Any CPU.ActiveCfg = Release|Any CPU
		{9B2FBEE6-6ECD-47AD-ACD0-4A64CACC165D}.Release|Any CPU.Build.0 = Release|Any CPU
		{0B512197-1BAD-4B07-B157-3A3752991B47}.Debug|Any CPU.ActiveCfg = Debug|Any CPU
		{0B512197-1BAD-4B07-B157-3A3752991B47}.Debug|Any CPU.Build.0 = Debug|Any CPU
		{0B512197-1BAD-4B07-B157-3A3752991B47}.Release|Any CPU.ActiveCfg = Release|Any CPU
		{0B512197-1BAD-4B07-B157-3A3752991B47}.Release|Any CPU.Build.0 = Release|Any CPU
	EndGlobalSection
	GlobalSection(SolutionProperties) = preSolution
		HideSolutionNode = FALSE
	EndGlobalSection
EndGlobal
